# THIS IS AN AUTOGENERATED FILE. DO NOT EDIT THIS FILE DIRECTLY.
# yarn lockfile v1


"@capacitor/android@^5.2.2":
  version "5.2.2"
  resolved "https://registry.yarnpkg.com/@capacitor/android/-/android-5.2.2.tgz#9f2cfd5b81f96deecc22d77aee9a3161c14c70b4"
  integrity sha512-2kx5C2lJ/DSwPWS7fKvextWhg4AK3SQvQnHgp8+WX6SDYgphBNlGUh45N/qBoMeVM7lqjANJFGQDCk0FjimlWQ==

"@capacitor/ios@^5.2.2":
  version "5.2.2"
  resolved "https://registry.yarnpkg.com/@capacitor/ios/-/ios-5.2.2.tgz#209cc3b15199325f3f5515f7a208ff9830482f52"
  integrity sha512-6nNhB+G9tamJFMdvPOIATEPIXlh3GNXMq8eeY3xrFO72bBTmQpXdbDQmMJeBbpVlkEnFoVUXiSxAu6O0E9x9Lw==

prettier@^3.0.1:
  version "3.0.1"
  resolved "https://registry.yarnpkg.com/prettier/-/prettier-3.0.1.tgz#65271fc9320ce4913c57747a70ce635b30beaa40"
  integrity sha512-fcOWSnnpCrovBsmFZIGIy9UqK2FaI7Hqax+DIO0A9UxeVoY4iweyaFjS5TavZN97Hfehph0nhsZnjlVKzEQSrQ==
